upload pipeline lock
upload pipeline lock
upload pipeline lock
upload pipeline lock
upload pipeline lock
upload pipeline lock
upload pipeline lock
upload pipeline lock
upload pipeline lock
upload pipeline lock
upload pipeline lock
upload pipeline lock
upload pipeline lock
upload pipeline lock
upload pipeline lock
upload pipeline lock
upload pipeline lock
upload pipeline lock
upload pipeline lock
upload pipeline lock
upload pipeline lock
upload pipeline lock
upload pipeline lock
upload pipeline lock
upload pipeline lock
upload pipeline lock
upload pipeline lock
upload pipeline lock
upload pipeline lock
upload pipeline lock
upload pipeline lock
upload pipeline lock
upload pipeline lock
upload pipeline lock
upload pipeline lock
upload pipeline lock
upload pipeline lock
upload pipeline lock
upload pipeline lock
upload pipeline lock
upload pipeline lock
upload pipeline lock
upload pipeline lock
upload pipeline lock
upload pipeline lock
upload pipeline lock
upload pipeline lock
upload pipeline lock
upload pipeline lock
upload pipeline lock
upload pipeline lock
upload pipeline lock
upload pipeline lock
upload pipeline lock
upload pipeline lock
upload pipeline lock
upload pipeline lock
